// !$*UTF8*$!
{
	archiveVersion = 1;
	classes = {
	};
	objectVersion = 46;
	objects = {

/* Begin PBXBuildFile section */
		6407507B1CEDB38A00191D92 /* EditUserCell.swift in Sources */ = {isa = PBXBuildFile; fileRef = 6407507A1CEDB38A00191D92 /* EditUserCell.swift */; };
		6407507D1CEDBF2600191D92 /* avatar.png in Resources */ = {isa = PBXBuildFile; fileRef = 6407507C1CEDBF2600191D92 /* avatar.png */; };
		640A8EA61CEADBBE0005F7F3 /* Constants.swift in Sources */ = {isa = PBXBuildFile; fileRef = 640A8EA51CEADBBE0005F7F3 /* Constants.swift */; };
		640A8EA91CEADBD20005F7F3 /* ActiveChatCell.swift in Sources */ = {isa = PBXBuildFile; fileRef = 640A8EA71CEADBD20005F7F3 /* ActiveChatCell.swift */; };
		640A8EAA1CEADBD20005F7F3 /* PassiveChatCell.swift in Sources */ = {isa = PBXBuildFile; fileRef = 640A8EA81CEADBD20005F7F3 /* PassiveChatCell.swift */; };
		641CC6E31CE0938D00DB7E46 /* AppDelegate.swift in Sources */ = {isa = PBXBuildFile; fileRef = 641CC6E21CE0938D00DB7E46 /* AppDelegate.swift */; };
		641CC6E81CE0938D00DB7E46 /* Main.storyboard in Resources */ = {isa = PBXBuildFile; fileRef = 641CC6E61CE0938D00DB7E46 /* Main.storyboard */; };
		641CC6EB1CE0938D00DB7E46 /* LocalChat.xcdatamodeld in Sources */ = {isa = PBXBuildFile; fileRef = 641CC6E91CE0938D00DB7E46 /* LocalChat.xcdatamodeld */; };
		641CC6ED1CE0938D00DB7E46 /* Assets.xcassets in Resources */ = {isa = PBXBuildFile; fileRef = 641CC6EC1CE0938D00DB7E46 /* Assets.xcassets */; };
		641CC6F01CE0938D00DB7E46 /* LaunchScreen.storyboard in Resources */ = {isa = PBXBuildFile; fileRef = 641CC6EE1CE0938D00DB7E46 /* LaunchScreen.storyboard */; };
		641CC6F81CE09CD300DB7E46 /* map_setting.png in Resources */ = {isa = PBXBuildFile; fileRef = 641CC6F71CE09CD300DB7E46 /* map_setting.png */; };
		6432A8461CEB17CA00A81064 /* ChatManager.swift in Sources */ = {isa = PBXBuildFile; fileRef = 6432A8441CEB17CA00A81064 /* ChatManager.swift */; };
		6432A8491CEB190400A81064 /* UsersManager.swift in Sources */ = {isa = PBXBuildFile; fileRef = 6432A8481CEB190400A81064 /* UsersManager.swift */; };
		6488D3F61CEADC2C00DA7494 /* ChatViewController.swift in Sources */ = {isa = PBXBuildFile; fileRef = 6488D3F41CEADC2C00DA7494 /* ChatViewController.swift */; };
		6488D3F71CEADC2C00DA7494 /* SettingViewController.swift in Sources */ = {isa = PBXBuildFile; fileRef = 6488D3F51CEADC2C00DA7494 /* SettingViewController.swift */; };
		64B365591CEC69E00065495F /* PaddingUILabel.swift in Sources */ = {isa = PBXBuildFile; fileRef = 64B365581CEC69E00065495F /* PaddingUILabel.swift */; };
/* End PBXBuildFile section */

/* Begin PBXFileReference section */
		6407507A1CEDB38A00191D92 /* EditUserCell.swift */ = {isa = PBXFileReference; fileEncoding = 4; lastKnownFileType = sourcecode.swift; name = EditUserCell.swift; path = CustomCells/EditUserCell.swift; sourceTree = "<group>"; };
		6407507C1CEDBF2600191D92 /* avatar.png */ = {isa = PBXFileReference; lastKnownFileType = image.png; path = avatar.png; sourceTree = "<group>"; };
		640A8EA51CEADBBE0005F7F3 /* Constants.swift */ = {isa = PBXFileReference; fileEncoding = 4; lastKnownFileType = sourcecode.swift; name = Constants.swift; path = Utils/Constants.swift; sourceTree = "<group>"; };
		640A8EA71CEADBD20005F7F3 /* ActiveChatCell.swift */ = {isa = PBXFileReference; fileEncoding = 4; lastKnownFileType = sourcecode.swift; name = ActiveChatCell.swift; path = CustomCells/ActiveChatCell.swift; sourceTree = "<group>"; };
		640A8EA81CEADBD20005F7F3 /* PassiveChatCell.swift */ = {isa = PBXFileReference; fileEncoding = 4; lastKnownFileType = sourcecode.swift; name = PassiveChatCell.swift; path = CustomCells/PassiveChatCell.swift; sourceTree = "<group>"; };
		641CC6DF1CE0938D00DB7E46 /* LocalChat.app */ = {isa = PBXFileReference; explicitFileType = wrapper.application; includeInIndex = 0; path = LocalChat.app; sourceTree = BUILT_PRODUCTS_DIR; };
		641CC6E21CE0938D00DB7E46 /* AppDelegate.swift */ = {isa = PBXFileReference; lastKnownFileType = sourcecode.swift; path = AppDelegate.swift; sourceTree = "<group>"; };
		641CC6E71CE0938D00DB7E46 /* Base */ = {isa = PBXFileReference; lastKnownFileType = file.storyboard; name = Base; path = Base.lproj/Main.storyboard; sourceTree = "<group>"; };
		641CC6EA1CE0938D00DB7E46 /* LocalChat.xcdatamodel */ = {isa = PBXFileReference; lastKnownFileType = wrapper.xcdatamodel; path = LocalChat.xcdatamodel; sourceTree = "<group>"; };
		641CC6EC1CE0938D00DB7E46 /* Assets.xcassets */ = {isa = PBXFileReference; lastKnownFileType = folder.assetcatalog; path = Assets.xcassets; sourceTree = "<group>"; };
		641CC6EF1CE0938D00DB7E46 /* Base */ = {isa = PBXFileReference; lastKnownFileType = file.storyboard; name = Base; path = Base.lproj/LaunchScreen.storyboard; sourceTree = "<group>"; };
		641CC6F11CE0938D00DB7E46 /* Info.plist */ = {isa = PBXFileReference; lastKnownFileType = text.plist.xml; path = Info.plist; sourceTree = "<group>"; };
		641CC6F71CE09CD300DB7E46 /* map_setting.png */ = {isa = PBXFileReference; lastKnownFileType = image.png; path = map_setting.png; sourceTree = "<group>"; };
		6432A8441CEB17CA00A81064 /* ChatManager.swift */ = {isa = PBXFileReference; fileEncoding = 4; lastKnownFileType = sourcecode.swift; name = ChatManager.swift; path = Managers/ChatManager.swift; sourceTree = "<group>"; };
		6432A8481CEB190400A81064 /* UsersManager.swift */ = {isa = PBXFileReference; fileEncoding = 4; lastKnownFileType = sourcecode.swift; name = UsersManager.swift; path = Managers/UsersManager.swift; sourceTree = "<group>"; };
		6488D3F41CEADC2C00DA7494 /* ChatViewController.swift */ = {isa = PBXFileReference; fileEncoding = 4; lastKnownFileType = sourcecode.swift; name = ChatViewController.swift; path = Controllers/ChatViewController.swift; sourceTree = "<group>"; };
		6488D3F51CEADC2C00DA7494 /* SettingViewController.swift */ = {isa = PBXFileReference; fileEncoding = 4; lastKnownFileType = sourcecode.swift; name = SettingViewController.swift; path = Controllers/SettingViewController.swift; sourceTree = "<group>"; };
		64B365581CEC69E00065495F /* PaddingUILabel.swift */ = {isa = PBXFileReference; fileEncoding = 4; lastKnownFileType = sourcecode.swift; name = PaddingUILabel.swift; path = Utils/PaddingUILabel.swift; sourceTree = "<group>"; };
/* End PBXFileReference section */

/* Begin PBXFrameworksBuildPhase section */
		641CC6DC1CE0938D00DB7E46 /* Frameworks */ = {
			isa = PBXFrameworksBuildPhase;
			buildActionMask = 2147483647;
			files = (
			);
			runOnlyForDeploymentPostprocessing = 0;
		};
/* End PBXFrameworksBuildPhase section */

/* Begin PBXGroup section */
		641CC6D61CE0938D00DB7E46 = {
			isa = PBXGroup;
			children = (
				641CC6E11CE0938D00DB7E46 /* LocalChat */,
				641CC6E01CE0938D00DB7E46 /* Products */,
			);
			sourceTree = "<group>";
		};
		641CC6E01CE0938D00DB7E46 /* Products */ = {
			isa = PBXGroup;
			children = (
				641CC6DF1CE0938D00DB7E46 /* LocalChat.app */,
			);
			name = Products;
			sourceTree = "<group>";
		};
		641CC6E11CE0938D00DB7E46 /* LocalChat */ = {
			isa = PBXGroup;
			children = (
				64E445D31CE591E000696A91 /* Utils */,
				644873F61CE4990600796B63 /* CustomCells */,
				644873F71CE4992400796B63 /* Controllers */,
				644873F31CE4981900796B63 /* Managers */,
				641CC6E21CE0938D00DB7E46 /* AppDelegate.swift */,
				641CC6E61CE0938D00DB7E46 /* Main.storyboard */,
				641CC6F71CE09CD300DB7E46 /* map_setting.png */,
				6407507C1CEDBF2600191D92 /* avatar.png */,
				641CC6EC1CE0938D00DB7E46 /* Assets.xcassets */,
				641CC6EE1CE0938D00DB7E46 /* LaunchScreen.storyboard */,
				641CC6F11CE0938D00DB7E46 /* Info.plist */,
				641CC6E91CE0938D00DB7E46 /* LocalChat.xcdatamodeld */,
			);
			path = LocalChat;
			sourceTree = "<group>";
		};
		644873F31CE4981900796B63 /* Managers */ = {
			isa = PBXGroup;
			children = (
				6432A8441CEB17CA00A81064 /* ChatManager.swift */,
				6432A8481CEB190400A81064 /* UsersManager.swift */,
			);
			name = Managers;
			sourceTree = "<group>";
		};
		644873F61CE4990600796B63 /* CustomCells */ = {
			isa = PBXGroup;
			children = (
				640A8EA71CEADBD20005F7F3 /* ActiveChatCell.swift */,
				640A8EA81CEADBD20005F7F3 /* PassiveChatCell.swift */,
				6407507A1CEDB38A00191D92 /* EditUserCell.swift */,
			);
			name = CustomCells;
			sourceTree = "<group>";
		};
		644873F71CE4992400796B63 /* Controllers */ = {
			isa = PBXGroup;
			children = (
				6488D3F41CEADC2C00DA7494 /* ChatViewController.swift */,
				6488D3F51CEADC2C00DA7494 /* SettingViewController.swift */,
			);
			name = Controllers;
			sourceTree = "<group>";
		};
		64E445D31CE591E000696A91 /* Utils */ = {
			isa = PBXGroup;
			children = (
				640A8EA51CEADBBE0005F7F3 /* Constants.swift */,
				64B365581CEC69E00065495F /* PaddingUILabel.swift */,
			);
			name = Utils;
			sourceTree = "<group>";
		};
/* End PBXGroup section */

/* Begin PBXNativeTarget section */
		641CC6DE1CE0938D00DB7E46 /* LocalChat */ = {
			isa = PBXNativeTarget;
			buildConfigurationList = 641CC6F41CE0938D00DB7E46 /* Build configuration list for PBXNativeTarget "LocalChat" */;
			buildPhases = (
				641CC6DB1CE0938D00DB7E46 /* Sources */,
				641CC6DC1CE0938D00DB7E46 /* Frameworks */,
				641CC6DD1CE0938D00DB7E46 /* Resources */,
			);
			buildRules = (
			);
			dependencies = (
			);
			name = LocalChat;
			productName = LocalChat;
			productReference = 641CC6DF1CE0938D00DB7E46 /* LocalChat.app */;
			productType = "com.apple.product-type.application";
		};
/* End PBXNativeTarget section */

/* Begin PBXProject section */
		641CC6D71CE0938D00DB7E46 /* Project object */ = {
			isa = PBXProject;
			attributes = {
				LastSwiftUpdateCheck = 0730;
				LastUpgradeCheck = 0730;
				ORGANIZATIONNAME = "Md Mainul Haque";
				TargetAttributes = {
					641CC6DE1CE0938D00DB7E46 = {
						CreatedOnToolsVersion = 7.3.1;
						DevelopmentTeam = 6Y3ELL3LC2;
					};
				};
			};
			buildConfigurationList = 641CC6DA1CE0938D00DB7E46 /* Build configuration list for PBXProject "LocalChat" */;
			compatibilityVersion = "Xcode 3.2";
			developmentRegion = English;
			hasScannedForEncodings = 0;
			knownRegions = (
				en,
				Base,
			);
			mainGroup = 641CC6D61CE0938D00DB7E46;
			productRefGroup = 641CC6E01CE0938D00DB7E46 /* Products */;
			projectDirPath = "";
			projectRoot = "";
			targets = (
				641CC6DE1CE0938D00DB7E46 /* LocalChat */,
			);
		};
/* End PBXProject section */

/* Begin PBXResourcesBuildPhase section */
		641CC6DD1CE0938D00DB7E46 /* Resources */ = {
			isa = PBXResourcesBuildPhase;
			buildActionMask = 2147483647;
			files = (
				6407507D1CEDBF2600191D92 /* avatar.png in Resources */,
				641CC6F01CE0938D00DB7E46 /* LaunchScreen.storyboard in Resources */,
				641CC6F81CE09CD300DB7E46 /* map_setting.png in Resources */,
				641CC6ED1CE0938D00DB7E46 /* Assets.xcassets in Resources */,
				641CC6E81CE0938D00DB7E46 /* Main.storyboard in Resources */,
			);
			runOnlyForDeploymentPostprocessing = 0;
		};
/* End PBXResourcesBuildPhase section */

/* Begin PBXSourcesBuildPhase section */
		641CC6DB1CE0938D00DB7E46 /* Sources */ = {
			isa = PBXSourcesBuildPhase;
			buildActionMask = 2147483647;
			files = (
				641CC6E31CE0938D00DB7E46 /* AppDelegate.swift in Sources */,
				6407507B1CEDB38A00191D92 /* EditUserCell.swift in Sources */,
				641CC6EB1CE0938D00DB7E46 /* LocalChat.xcdatamodeld in Sources */,
				640A8EAA1CEADBD20005F7F3 /* PassiveChatCell.swift in Sources */,
				6488D3F71CEADC2C00DA7494 /* SettingViewController.swift in Sources */,
				6488D3F61CEADC2C00DA7494 /* ChatViewController.swift in Sources */,
				640A8EA91CEADBD20005F7F3 /* ActiveChatCell.swift in Sources */,
				6432A8491CEB190400A81064 /* UsersManager.swift in Sources */,
				640A8EA61CEADBBE0005F7F3 /* Constants.swift in Sources */,
				64B365591CEC69E00065495F /* PaddingUILabel.swift in Sources */,
				6432A8461CEB17CA00A81064 /* ChatManager.swift in Sources */,
			);
			runOnlyForDeploymentPostprocessing = 0;
		};
/* End PBXSourcesBuildPhase section */

/* Begin PBXVariantGroup section */
		641CC6E61CE0938D00DB7E46 /* Main.storyboard */ = {
			isa = PBXVariantGroup;
			children = (
				641CC6E71CE0938D00DB7E46 /* Base */,
			);
			name = Main.storyboard;
			sourceTree = "<group>";
		};
		641CC6EE1CE0938D00DB7E46 /* LaunchScreen.storyboard */ = {
			isa = PBXVariantGroup;
			children = (
				641CC6EF1CE0938D00DB7E46 /* Base */,
			);
			name = LaunchScreen.storyboard;
			sourceTree = "<group>";
		};
/* End PBXVariantGroup section */

/* Begin XCBuildConfiguration section */
		641CC6F21CE0938D00DB7E46 /* Debug */ = {
			isa = XCBuildConfiguration;
			buildSettings = {
				ALWAYS_SEARCH_USER_PATHS = NO;
				CLANG_ANALYZER_NONNULL = YES;
				CLANG_CXX_LANGUAGE_STANDARD = "gnu++0x";
				CLANG_CXX_LIBRARY = "libc++";
				CLANG_ENABLE_MODULES = YES;
				CLANG_ENABLE_OBJC_ARC = YES;
				CLANG_WARN_BOOL_CONVERSION = YES;
				CLANG_WARN_CONSTANT_CONVERSION = YES;
				CLANG_WARN_DIRECT_OBJC_ISA_USAGE = YES_ERROR;
				CLANG_WARN_EMPTY_BODY = YES;
				CLANG_WARN_ENUM_CONVERSION = YES;
				CLANG_WARN_INT_CONVERSION = YES;
				CLANG_WARN_OBJC_ROOT_CLASS = YES_ERROR;
				CLANG_WARN_UNREACHABLE_CODE = YES;
				CLANG_WARN__DUPLICATE_METHOD_MATCH = YES;
				"CODE_SIGN_IDENTITY[sdk=iphoneos*]" = "iPhone Developer";
				COPY_PHASE_STRIP = NO;
				DEBUG_INFORMATION_FORMAT = dwarf;
				ENABLE_STRICT_OBJC_MSGSEND = YES;
				ENABLE_TESTABILITY = YES;
				GCC_C_LANGUAGE_STANDARD = gnu99;
				GCC_DYNAMIC_NO_PIC = NO;
				GCC_NO_COMMON_BLOCKS = YES;
				GCC_OPTIMIZATION_LEVEL = 0;
				GCC_PREPROCESSOR_DEFINITIONS = (
					"DEBUG=1",
					"$(inherited)",
				);
				GCC_WARN_64_TO_32_BIT_CONVERSION = YES;
				GCC_WARN_ABOUT_RETURN_TYPE = YES_ERROR;
				GCC_WARN_UNDECLARED_SELECTOR = YES;
				GCC_WARN_UNINITIALIZED_AUTOS = YES_AGGRESSIVE;
				GCC_WARN_UNUSED_FUNCTION = YES;
				GCC_WARN_UNUSED_VARIABLE = YES;
				IPHONEOS_DEPLOYMENT_TARGET = 9.3;
				MTL_ENABLE_DEBUG_INFO = YES;
				ONLY_ACTIVE_ARCH = YES;
				SDKROOT = iphoneos;
				SWIFT_OPTIMIZATION_LEVEL = "-Onone";
				TARGETED_DEVICE_FAMILY = "1,2";
			};
			name = Debug;
		};
		641CC6F31CE0938D00DB7E46 /* Release */ = {
			isa = XCBuildConfiguration;
			buildSettings = {
				ALWAYS_SEARCH_USER_PATHS = NO;
				CLANG_ANALYZER_NONNULL = YES;
				CLANG_CXX_LANGUAGE_STANDARD = "gnu++0x";
				CLANG_CXX_LIBRARY = "libc++";
				CLANG_ENABLE_MODULES = YES;
				CLANG_ENABLE_OBJC_ARC = YES;
				CLANG_WARN_BOOL_CONVERSION = YES;
				CLANG_WARN_CONSTANT_CONVERSION = YES;
				CLANG_WARN_DIRECT_OBJC_ISA_USAGE = YES_ERROR;
				CLANG_WARN_EMPTY_BODY = YES;
				CLANG_WARN_ENUM_CONVERSION = YES;
				CLANG_WARN_INT_CONVERSION = YES;
				CLANG_WARN_OBJC_ROOT_CLASS = YES_ERROR;
				CLANG_WARN_UNREACHABLE_CODE = YES;
				CLANG_WARN__DUPLICATE_METHOD_MATCH = YES;
				"CODE_SIGN_IDENTITY[sdk=iphoneos*]" = "iPhone Developer";
				COPY_PHASE_STRIP = NO;
				DEBUG_INFORMATION_FORMAT = "dwarf-with-dsym";
				ENABLE_NS_ASSERTIONS = NO;
				ENABLE_STRICT_OBJC_MSGSEND = YES;
				GCC_C_LANGUAGE_STANDARD = gnu99;
				GCC_NO_COMMON_BLOCKS = YES;
				GCC_WARN_64_TO_32_BIT_CONVERSION = YES;
				GCC_WARN_ABOUT_RETURN_TYPE = YES_ERROR;
				GCC_WARN_UNDECLARED_SELECTOR = YES;
				GCC_WARN_UNINITIALIZED_AUTOS = YES_AGGRESSIVE;
				GCC_WARN_UNUSED_FUNCTION = YES;
				GCC_WARN_UNUSED_VARIABLE = YES;
				IPHONEOS_DEPLOYMENT_TARGET = 9.3;
				MTL_ENABLE_DEBUG_INFO = NO;
				SDKROOT = iphoneos;
				TARGETED_DEVICE_FAMILY = "1,2";
				VALIDATE_PRODUCT = YES;
			};
			name = Release;
		};
		641CC6F51CE0938D00DB7E46 /* Debug */ = {
			isa = XCBuildConfiguration;
			buildSettings = {
				ASSETCATALOG_COMPILER_APPICON_NAME = AppIcon;
				INFOPLIST_FILE = LocalChat/Info.plist;
				LD_RUNPATH_SEARCH_PATHS = "$(inherited) @executable_path/Frameworks";
				PRODUCT_BUNDLE_IDENTIFIER = com.framgia.LocalChat;
				PRODUCT_NAME = "$(TARGET_NAME)";
			};
			name = Debug;
		};
		641CC6F61CE0938D00DB7E46 /* Release */ = {
			isa = XCBuildConfiguration;
			buildSettings = {
				ASSETCATALOG_COMPILER_APPICON_NAME = AppIcon;
				INFOPLIST_FILE = LocalChat/Info.plist;
				LD_RUNPATH_SEARCH_PATHS = "$(inherited) @executable_path/Frameworks";
				PRODUCT_BUNDLE_IDENTIFIER = com.framgia.LocalChat;
				PRODUCT_NAME = "$(TARGET_NAME)";
			};
			name = Release;
		};
/* End XCBuildConfiguration section */

/* Begin XCConfigurationList section */
		641CC6DA1CE0938D00DB7E46 /* Build configuration list for PBXProject "LocalChat" */ = {
			isa = XCConfigurationList;
			buildConfigurations = (
				641CC6F21CE0938D00DB7E46 /* Debug */,
				641CC6F31CE0938D00DB7E46 /* Release */,
			);
			defaultConfigurationIsVisible = 0;
			defaultConfigurationName = Release;
		};
		641CC6F41CE0938D00DB7E46 /* Build configuration list for PBXNativeTarget "LocalChat" */ = {
			isa = XCConfigurationList;
			buildConfigurations = (
				641CC6F51CE0938D00DB7E46 /* Debug */,
				641CC6F61CE0938D00DB7E46 /* Release */,
			);
			defaultConfigurationIsVisible = 0;
			defaultConfigurationName = Release;
		};
/* End XCConfigurationList section */

/* Begin XCVersionGroup section */
		641CC6E91CE0938D00DB7E46 /* LocalChat.xcdatamodeld */ = {
			isa = XCVersionGroup;
			children = (
				641CC6EA1CE0938D00DB7E46 /* LocalChat.xcdatamodel */,
			);
			currentVersion = 641CC6EA1CE0938D00DB7E46 /* LocalChat.xcdatamodel */;
			path = LocalChat.xcdatamodeld;
			sourceTree = "<group>";
			versionGroupType = wrapper.xcdatamodel;
		};
/* End XCVersionGroup section */
	};
	rootObject = 641CC6D71CE0938D00DB7E46 /* Project object */;
}
